
Microsoft Visual Studio Solution File, Format Version 12.00
# Visual Studio Version 16
VisualStudioVersion = 16.0.31112.23
MinimumVisualStudioVersion = 10.0.40219.1
Project("{9A19103F-16F7-4668-BE54-9A1E7A4F7556}") = "BizHawk.FreeEnterprise.Companion", "BizHawk.FreeEnterprise.Companion.csproj", "{6D873E55-C7D1-4997-85DE-85A750C28DDF}"
EndProject
Global
	GlobalSection(SolutionConfigurationPlatforms) = preSolution
		Debug|Any CPU = Debug|Any CPU
		Release|Any CPU = Release|Any CPU
	EndGlobalSection
	GlobalSection(ProjectConfigurationPlatforms) = postSolution
		{6D873E55-C7D1-4997-85DE-85A750C28DDF}.Debug|Any CPU.ActiveCfg = Debug|Any CPU
		{6D873E55-C7D1-4997-85DE-85A750C28DDF}.Debug|Any CPU.Build.0 = Debug|Any CPU
		{6D873E55-C7D1-4997-85DE-85A750C28DDF}.Release|Any CPU.ActiveCfg = Release|Any CPU
		{6D873E55-C7D1-4997-85DE-85A750C28DDF}.Release|Any CPU.Build.0 = Release|Any CPU
	EndGlobalSection
	GlobalSection(SolutionProperties) = preSolution
		HideSolutionNode = FALSE
	EndGlobalSection
	GlobalSection(ExtensibilityGlobals) = postSolution
		SolutionGuid = {121E40ED-803C-4C94-A9E5-E33DFD6D0321}
	EndGlobalSection
EndGlobal
