
Microsoft Visual Studio Solution File, Format Version 12.00
# Visual Studio Version 17
VisualStudioVersion = 17.11.35327.3
MinimumVisualStudioVersion = 10.0.40219.1
Project("{9A19103F-16F7-4668-BE54-9A1E7A4F7556}") = "FF.Rando.Companion", "FF.Rando.Companion.csproj", "{52FDD877-849B-4D3F-9413-56A8A0EA3F0D}"
EndProject
Global
	GlobalSection(SolutionConfigurationPlatforms) = preSolution
		Debug|Any CPU = Debug|Any CPU
		Publish|Any CPU = Publish|Any CPU
		Release|Any CPU = Release|Any CPU
	EndGlobalSection
	GlobalSection(ProjectConfigurationPlatforms) = postSolution
		{52FDD877-849B-4D3F-9413-56A8A0EA3F0D}.Debug|Any CPU.ActiveCfg = Debug|Any CPU
		{52FDD877-849B-4D3F-9413-56A8A0EA3F0D}.Debug|Any CPU.Build.0 = Debug|Any CPU
		{52FDD877-849B-4D3F-9413-56A8A0EA3F0D}.Publish|Any CPU.ActiveCfg = Publish|Any CPU
		{52FDD877-849B-4D3F-9413-56A8A0EA3F0D}.Publish|Any CPU.Build.0 = Publish|Any CPU
		{52FDD877-849B-4D3F-9413-56A8A0EA3F0D}.Release|Any CPU.ActiveCfg = Release|Any CPU
		{52FDD877-849B-4D3F-9413-56A8A0EA3F0D}.Release|Any CPU.Build.0 = Release|Any CPU
	EndGlobalSection
	GlobalSection(SolutionProperties) = preSolution
		HideSolutionNode = FALSE
	EndGlobalSection
	GlobalSection(ExtensibilityGlobals) = postSolution
		SolutionGuid = {F4656A6F-BAC5-491B-8529-5DE0249048F4}
	EndGlobalSection
EndGlobal
